
Microsoft Visual Studio Solution File, Format Version 12.00
# Visual Studio Version 16
VisualStudioVersion = 16.0.30517.126
MinimumVisualStudioVersion = 10.0.40219.1
Project("{FAE04EC0-301F-11D3-BF4B-00C04F79EFBC}") = "Day_22_Indian_Census_Analyser", "Day_22_Indian_Census_Analyser\Day_22_Indian_Census_Analyser.csproj", "{9E597EF9-553A-4746-85E1-0E35816E045F}"
EndProject
Project("{FAE04EC0-301F-11D3-BF4B-00C04F79EFBC}") = "NUnitTestProject", "NUnitTestProject\NUnitTestProject.csproj", "{D90FFA5D-93ED-42DC-BA9E-AC09DC8DF271}"
EndProject
Global
	GlobalSection(SolutionConfigurationPlatforms) = preSolution
		Debug|Any CPU = Debug|Any CPU
		Release|Any CPU = Release|Any CPU
	EndGlobalSection
	GlobalSection(ProjectConfigurationPlatforms) = postSolution
		{9E597EF9-553A-4746-85E1-0E35816E045F}.Debug|Any CPU.ActiveCfg = Debug|Any CPU
		{9E597EF9-553A-4746-85E1-0E35816E045F}.Debug|Any CPU.Build.0 = Debug|Any CPU
		{9E597EF9-553A-4746-85E1-0E35816E045F}.Release|Any CPU.ActiveCfg = Release|Any CPU
		{9E597EF9-553A-4746-85E1-0E35816E045F}.Release|Any CPU.Build.0 = Release|Any CPU
		{D90FFA5D-93ED-42DC-BA9E-AC09DC8DF271}.Debug|Any CPU.ActiveCfg = Debug|Any CPU
		{D90FFA5D-93ED-42DC-BA9E-AC09DC8DF271}.Debug|Any CPU.Build.0 = Debug|Any CPU
		{D90FFA5D-93ED-42DC-BA9E-AC09DC8DF271}.Release|Any CPU.ActiveCfg = Release|Any CPU
		{D90FFA5D-93ED-42DC-BA9E-AC09DC8DF271}.Release|Any CPU.Build.0 = Release|Any CPU
	EndGlobalSection
	GlobalSection(SolutionProperties) = preSolution
		HideSolutionNode = FALSE
	EndGlobalSection
	GlobalSection(ExtensibilityGlobals) = postSolution
		SolutionGuid = {B8A2F3A7-B033-4E7E-83C5-DB5C82CDB7DE}
	EndGlobalSection
EndGlobal
